
Microsoft Visual Studio Solution File, Format Version 12.00
# Visual Studio Version 17
VisualStudioVersion = 17.11.35327.3
MinimumVisualStudioVersion = 10.0.40219.1
Project("{FAE04EC0-301F-11D3-BF4B-00C04F79EFBC}") = "storeworkingapi", "storeworkingapi\storeworkingapi.csproj", "{AA329DDA-B57F-4DA4-8356-E5EA5E97E8D3}"
EndProject
Global
	GlobalSection(SolutionConfigurationPlatforms) = preSolution
		Debug|Any CPU = Debug|Any CPU
		Release|Any CPU = Release|Any CPU
	EndGlobalSection
	GlobalSection(ProjectConfigurationPlatforms) = postSolution
		{AA329DDA-B57F-4DA4-8356-E5EA5E97E8D3}.Debug|Any CPU.ActiveCfg = Debug|Any CPU
		{AA329DDA-B57F-4DA4-8356-E5EA5E97E8D3}.Debug|Any CPU.Build.0 = Debug|Any CPU
		{AA329DDA-B57F-4DA4-8356-E5EA5E97E8D3}.Release|Any CPU.ActiveCfg = Release|Any CPU
		{AA329DDA-B57F-4DA4-8356-E5EA5E97E8D3}.Release|Any CPU.Build.0 = Release|Any CPU
	EndGlobalSection
	GlobalSection(SolutionProperties) = preSolution
		HideSolutionNode = FALSE
	EndGlobalSection
	GlobalSection(ExtensibilityGlobals) = postSolution
		SolutionGuid = {BE5901D4-96E3-4DD7-86CA-892C5691CBE6}
	EndGlobalSection
EndGlobal
